<?xml version="1.0" encoding="utf-8"?>
<Project ToolsVersion="4.0" xmlns="http://schemas.microsoft.com/developer/msbuild/2003">
  <ItemGroup>
    <Filter Include="Source Files">
      <UniqueIdentifier>{4FC737F1-C7A5-4376-A066-2A32D752A2FF}</UniqueIdentifier>
      <Extensions>cpp;c;cc;cxx;def;odl;idl;hpj;bat;asm;asmx</Extensions>
    </Filter>
    <Filter Include="Header Files">
      <UniqueIdentifier>{93995380-89BD-4b04-88EB-625FBE52EBFB}</UniqueIdentifier>
      <Extensions>h;hh;hpp;hxx;hm;inl;inc;ipp;xsd</Extensions>
    </Filter>
    <Filter Include="Resource Files">
      <UniqueIdentifier>{67DA6AB6-F800-4c08-8B7A-83BB121AAD01}</UniqueIdentifier>
      <Extensions>rc;ico;cur;bmp;dlg;rc2;rct;bin;rgs;gif;jpg;jpeg;jpe;resx;tiff;tif;png;wav;mfcribbon-ms</Extensions>
    </Filter>
  </ItemGroup>
  <ItemGroup>
    <ClCompile Include="gui.hpp">
      <Filter>Source Files</Filter>
    </ClCompile>
    <ClCompile Include="drawing\render\render.cpp">
      <Filter>Source Files</Filter>
    </ClCompile>
    <ClCompile Include="helpers\input\input.cpp">
      <Filter>Source Files</Filter>
    </ClCompile>
    <ClCompile Include="drawing\color\color.cpp">
      <Filter>Source Files</Filter>
    </ClCompile>
    <ClCompile Include="elements\c_groupbox.cpp">
      <Filter>Source Files</Filter>
    </ClCompile>
    <ClCompile Include="elements\base\c_base_form.cpp">
      <Filter>Source Files</Filter>
    </ClCompile>
    <ClCompile Include="elements\c_button.cpp">
      <Filter>Source Files</Filter>
    </ClCompile>
    <ClCompile Include="elements\c_checkbox.cpp">
      <Filter>Source Files</Filter>
    </ClCompile>
    <ClCompile Include="helpers\utilities\stb_truetype.cpp">
      <Filter>Source Files</Filter>
    </ClCompile>
    <ClCompile Include="elements\c_dropdown.cpp">
      <Filter>Source Files</Filter>
    </ClCompile>
    <ClCompile Include="elements\c_keybinder.cpp">
      <Filter>Source Files</Filter>
    </ClCompile>
    <ClCompile Include="elements\c_colorpicker.cpp">
      <Filter>Source Files</Filter>
    </ClCompile>
    <ClCompile Include="elements\c_dropdown_elements.cpp">
      <Filter>Source Files</Filter>
    </ClCompile>
    <ClCompile Include="elements\base\c_base_element.cpp">
      <Filter>Source Files</Filter>
    </ClCompile>
    <ClCompile Include="helpers\math\vector.cpp">
      <Filter>Source Files</Filter>
    </ClCompile>
    <ClCompile Include="helpers\utilities\stb_image.cpp">
      <Filter>Source Files</Filter>
    </ClCompile>
    <ClCompile Include="helpers\utilities\stb_image_write.cpp">
      <Filter>Source Files</Filter>
    </ClCompile>
    <ClCompile Include="drawing\render\animated_gif.cpp">
      <Filter>Source Files</Filter>
    </ClCompile>
    <ClCompile Include="elements\base\c_base_parent.cpp">
      <Filter>Source Files</Filter>
    </ClCompile>
    <ClCompile Include="elements\c_list_box.cpp">
      <Filter>Source Files</Filter>
    </ClCompile>
    <ClCompile Include="elements\c_popup.cpp">
      <Filter>Source Files</Filter>
    </ClCompile>
    <ClCompile Include="elements\c_text_box.cpp">
      <Filter>Source Files</Filter>
    </ClCompile>
    <ClCompile Include="elements\c_input_box.cpp">
      <Filter>Source Files</Filter>
    </ClCompile>
    <ClCompile Include="drawing\render\font_t.cpp">
      <Filter>Source Files</Filter>
    </ClCompile>
    <ClCompile Include="elements\base\c_stylesheet.cpp">
      <Filter>Source Files</Filter>
    </ClCompile>
    <ClCompile Include="elements\c_switchbox.cpp">
      <Filter>Source Files</Filter>
    </ClCompile>
    <ClCompile Include="elements\c_tab_panel.cpp">
      <Filter>Source Files</Filter>
    </ClCompile>
    <ClCompile Include="elements\c_text.cpp">
      <Filter>Source Files</Filter>
    </ClCompile>
    <ClCompile Include="elements\c_text_box_multiline.cpp">
      <Filter>Source Files</Filter>
    </ClCompile>
    <ClCompile Include="elements\alignment\c_base_aligner.cpp">
      <Filter>Source Files</Filter>
    </ClCompile>
  </ItemGroup>
  <ItemGroup>
    <ClInclude Include="helpers\math\vector.hpp">
      <Filter>Header Files</Filter>
    </ClInclude>
    <ClInclude Include="drawing\render\render.hpp">
      <Filter>Header Files</Filter>
    </ClInclude>
    <ClInclude Include="drawing\color\color.hpp">
      <Filter>Header Files</Filter>
    </ClInclude>
    <ClInclude Include="helpers\math\math.hpp">
      <Filter>Header Files</Filter>
    </ClInclude>
    <ClInclude Include="helpers\input\input.hpp">
      <Filter>Header Files</Filter>
    </ClInclude>
    <ClInclude Include="helpers\shapes\shapes.hpp">
      <Filter>Header Files</Filter>
    </ClInclude>
    <ClInclude Include="helpers\utilities\utilities.hpp">
      <Filter>Header Files</Filter>
    </ClInclude>
    <ClInclude Include="helpers\math\animation.hpp">
      <Filter>Header Files</Filter>
    </ClInclude>
    <ClInclude Include="helpers\math\matrix4x4.hpp">
      <Filter>Header Files</Filter>
    </ClInclude>
    <ClInclude Include="helpers\math\vertex.hpp">
      <Filter>Header Files</Filter>
    </ClInclude>
    <ClInclude Include="helpers\math\point_t.hpp">
      <Filter>Header Files</Filter>
    </ClInclude>
    <ClInclude Include="elements\base\c_base_element.hpp">
      <Filter>Header Files</Filter>
    </ClInclude>
    <ClInclude Include="elements\c_groupbox.hpp">
      <Filter>Header Files</Filter>
    </ClInclude>
    <ClInclude Include="elements\base\c_base_form.hpp">
      <Filter>Header Files</Filter>
    </ClInclude>
    <ClInclude Include="elements\base\c_base_openable.hpp">
      <Filter>Header Files</Filter>
    </ClInclude>
    <ClInclude Include="elements\elements.hpp">
      <Filter>Header Files</Filter>
    </ClInclude>
    <ClInclude Include="elements\base\c_base_parent.hpp">
      <Filter>Header Files</Filter>
    </ClInclude>
    <ClInclude Include="elements\base\c_stylesheet.hpp">
      <Filter>Header Files</Filter>
    </ClInclude>
    <ClInclude Include="elements\c_button.hpp">
      <Filter>Header Files</Filter>
    </ClInclude>
    <ClInclude Include="elements\base\c_base_icon.hpp">
      <Filter>Header Files</Filter>
    </ClInclude>
    <ClInclude Include="elements\c_checkbox.hpp">
      <Filter>Header Files</Filter>
    </ClInclude>
    <ClInclude Include="helpers\utilities\stb_truetype.hpp">
      <Filter>Header Files</Filter>
    </ClInclude>
    <ClInclude Include="elements\base\c_base_selectable.hpp">
      <Filter>Header Files</Filter>
    </ClInclude>
    <ClInclude Include="elements\c_dropdown.hpp">
      <Filter>Header Files</Filter>
    </ClInclude>
    <ClInclude Include="elements\base\c_base_callback.hpp">
      <Filter>Header Files</Filter>
    </ClInclude>
    <ClInclude Include="elements\base\c_base_index_callback.hpp">
      <Filter>Header Files</Filter>
    </ClInclude>
    <ClInclude Include="elements\c_slider.hpp">
      <Filter>Header Files</Filter>
    </ClInclude>
    <ClInclude Include="elements\c_keybinder.hpp">
      <Filter>Header Files</Filter>
    </ClInclude>
    <ClInclude Include="elements\base\c_base_variable_controller.hpp">
      <Filter>Header Files</Filter>
    </ClInclude>
    <ClInclude Include="helpers\settings\settings.hpp">
      <Filter>Header Files</Filter>
    </ClInclude>
    <ClInclude Include="elements\c_colorpicker.hpp">
      <Filter>Header Files</Filter>
    </ClInclude>
    <ClInclude Include="elements\base\c_base_animated.hpp">
      <Filter>Header Files</Filter>
    </ClInclude>
    <ClInclude Include="elements\base\c_base_scrollable.hpp">
      <Filter>Header Files</Filter>
    </ClInclude>
    <ClInclude Include="elements\c_dropdown_elements.hpp">
      <Filter>Header Files</Filter>
    </ClInclude>
    <ClInclude Include="helpers\utilities\stb_image.hpp">
      <Filter>Header Files</Filter>
    </ClInclude>
    <ClInclude Include="helpers\utilities\stb_image_write.hpp">
      <Filter>Header Files</Filter>
    </ClInclude>
    <ClInclude Include="drawing\render\animated_gif.hpp">
      <Filter>Header Files</Filter>
    </ClInclude>
    <ClInclude Include="elements\base\c_base_value_change_callback.hpp">
      <Filter>Header Files</Filter>
    </ClInclude>
    <ClInclude Include="elements\base\c_base_draggable.hpp">
      <Filter>Header Files</Filter>
    </ClInclude>
    <ClInclude Include="elements\c_list_box.hpp">
      <Filter>Header Files</Filter>
    </ClInclude>
    <ClInclude Include="elements\c_popup.hpp">
      <Filter>Header Files</Filter>
    </ClInclude>
    <ClInclude Include="elements\c_text_box.hpp">
      <Filter>Header Files</Filter>
    </ClInclude>
    <ClInclude Include="drawing\render\c_texture.hpp">
      <Filter>Header Files</Filter>
    </ClInclude>
    <ClInclude Include="elements\base\c_base_textured.hpp">
      <Filter>Header Files</Filter>
    </ClInclude>
    <ClInclude Include="elements\c_input_box.hpp">
      <Filter>Header Files</Filter>
    </ClInclude>
    <ClInclude Include="helpers\utilities\nanosvgrast.hpp">
      <Filter>Header Files</Filter>
    </ClInclude>
    <ClInclude Include="helpers\utilities\nanosvg.hpp">
      <Filter>Header Files</Filter>
    </ClInclude>
    <ClInclude Include="drawing\render\font_t.hpp">
      <Filter>Header Files</Filter>
    </ClInclude>
    <ClInclude Include="elements\c_switchbox.hpp">
      <Filter>Header Files</Filter>
    </ClInclude>
    <ClInclude Include="elements\c_tab_panel.hpp">
      <Filter>Header Files</Filter>
    </ClInclude>
    <ClInclude Include="elements\c_text.hpp">
      <Filter>Header Files</Filter>
    </ClInclude>
    <ClInclude Include="elements\c_text_box_multiline.hpp">
      <Filter>Header Files</Filter>
    </ClInclude>
    <ClInclude Include="elements\alignment\c_base_aligner.hpp">
      <Filter>Header Files</Filter>
    </ClInclude>
  </ItemGroup>
</Project>